
Microsoft Visual Studio Solution File, Format Version 12.00
# Visual Studio Version 17
VisualStudioVersion = 17.14.36203.30 d17.14
MinimumVisualStudioVersion = 10.0.40219.1
Project("{FAE04EC0-301F-11D3-BF4B-00C04F79EFBC}") = "CC44-G01-Generics01", "CC44-G01-Generics01\CC44-G01-Generics01.csproj", "{7282A4CD-3753-46B8-9B95-061B59574D98}"
EndProject
Global
	GlobalSection(SolutionConfigurationPlatforms) = preSolution
		Debug|Any CPU = Debug|Any CPU
		Release|Any CPU = Release|Any CPU
	EndGlobalSection
	GlobalSection(ProjectConfigurationPlatforms) = postSolution
		{7282A4CD-3753-46B8-9B95-061B59574D98}.Debug|Any CPU.ActiveCfg = Debug|Any CPU
		{7282A4CD-3753-46B8-9B95-061B59574D98}.Debug|Any CPU.Build.0 = Debug|Any CPU
		{7282A4CD-3753-46B8-9B95-061B59574D98}.Release|Any CPU.ActiveCfg = Release|Any CPU
		{7282A4CD-3753-46B8-9B95-061B59574D98}.Release|Any CPU.Build.0 = Release|Any CPU
	EndGlobalSection
	GlobalSection(SolutionProperties) = preSolution
		HideSolutionNode = FALSE
	EndGlobalSection
	GlobalSection(ExtensibilityGlobals) = postSolution
		SolutionGuid = {B7292394-08D6-4E7E-BADF-36FBCCE3B4D5}
	EndGlobalSection
EndGlobal
